Microsoft Visual Studio Solution File, Format Version 8.00
Project("{8BC9CEB8-8B4A-11D0-8D11-00A0C91BC942}") = "Musik", "Musik.vcproj", "{C4650E41-AD5A-41D8-89D8-3ED472E4D10F}"
	ProjectSection(ProjectDependencies) = postProject
		{C372ABA2-E90B-459B-B5B2-A9A181DFE807} = {C372ABA2-E90B-459B-B5B2-A9A181DFE807}
	EndProjectSection
EndProject
Project("{8BC9CEB8-8B4A-11D0-8D11-00A0C91BC942}") = "MMShellHook", "MMShellHook\MMShellHook.vcproj", "{C372ABA2-E90B-459B-B5B2-A9A181DFE807}"
	ProjectSection(ProjectDependencies) = postProject
	EndProjectSection
EndProject
Global
	GlobalSection(SolutionConfiguration) = preSolution
		Debug = Debug
		NASM Debug = NASM Debug
		NASM Release = NASM Release
		Release = Release
	EndGlobalSection
	GlobalSection(ProjectConfiguration) = postSolution
		{C4650E41-AD5A-41D8-89D8-3ED472E4D10F}.Debug.ActiveCfg = Debug|Win32
		{C4650E41-AD5A-41D8-89D8-3ED472E4D10F}.Debug.Build.0 = Debug|Win32
		{C4650E41-AD5A-41D8-89D8-3ED472E4D10F}.NASM Debug.ActiveCfg = Debug|Win32
		{C4650E41-AD5A-41D8-89D8-3ED472E4D10F}.NASM Debug.Build.0 = Debug|Win32
		{C4650E41-AD5A-41D8-89D8-3ED472E4D10F}.NASM Release.ActiveCfg = Release|Win32
		{C4650E41-AD5A-41D8-89D8-3ED472E4D10F}.NASM Release.Build.0 = Release|Win32
		{C4650E41-AD5A-41D8-89D8-3ED472E4D10F}.Release.ActiveCfg = Release|Win32
		{C4650E41-AD5A-41D8-89D8-3ED472E4D10F}.Release.Build.0 = Release|Win32
		{C372ABA2-E90B-459B-B5B2-A9A181DFE807}.Debug.ActiveCfg = Debug|Win32
		{C372ABA2-E90B-459B-B5B2-A9A181DFE807}.Debug.Build.0 = Debug|Win32
		{C372ABA2-E90B-459B-B5B2-A9A181DFE807}.NASM Debug.ActiveCfg = Debug|Win32
		{C372ABA2-E90B-459B-B5B2-A9A181DFE807}.NASM Debug.Build.0 = Debug|Win32
		{C372ABA2-E90B-459B-B5B2-A9A181DFE807}.NASM Release.ActiveCfg = Release|Win32
		{C372ABA2-E90B-459B-B5B2-A9A181DFE807}.NASM Release.Build.0 = Release|Win32
		{C372ABA2-E90B-459B-B5B2-A9A181DFE807}.Release.ActiveCfg = Release|Win32
		{C372ABA2-E90B-459B-B5B2-A9A181DFE807}.Release.Build.0 = Release|Win32
	EndGlobalSection
	GlobalSection(ExtensibilityGlobals) = postSolution
	EndGlobalSection
	GlobalSection(ExtensibilityAddIns) = postSolution
	EndGlobalSection
EndGlobal
